
Microsoft Visual Studio Solution File, Format Version 12.00
# Visual Studio 15
VisualStudioVersion = 15.0.28010.2026
MinimumVisualStudioVersion = 10.0.40219.1
Project("{2150E333-8FDC-42A3-9474-1A3956D46DE8}") = "Labb1", "Labb1", "{EB71D4B9-A7D7-4A52-89D9-45A9880EB56E}"
EndProject
Project("{8BC9CEB8-8B4A-11D0-8D11-00A0C91BC942}") = "HelloWorld", "HelloWorld\HelloWorld.vcxproj", "{B0FB08CE-546D-4C7D-BD7B-8C74B5A0A984}"
EndProject
Project("{8BC9CEB8-8B4A-11D0-8D11-00A0C91BC942}") = "Prime", "Prime\Prime.vcxproj", "{EB4660AF-E12E-48F8-B50E-B0D4C8AE4FB5}"
EndProject
Project("{8BC9CEB8-8B4A-11D0-8D11-00A0C91BC942}") = "UtilsLib", "UtilsLib\UtilsLib.vcxproj", "{EF623281-C2A0-4259-81D9-431AAF0A4355}"
EndProject
Project("{8BC9CEB8-8B4A-11D0-8D11-00A0C91BC942}") = "Bounce", "Bounce\Bounce.vcxproj", "{B887EEED-A246-4353-92B3-4CC95CCD1661}"
EndProject
Project("{8BC9CEB8-8B4A-11D0-8D11-00A0C91BC942}") = "Pyramid", "Pyramid\Pyramid.vcxproj", "{55ADF671-D5A4-4303-A501-D6562E5331BB}"
EndProject
Project("{8BC9CEB8-8B4A-11D0-8D11-00A0C91BC942}") = "Arrays", "Arrays\Arrays.vcxproj", "{D30B0900-5C9A-440F-BA46-279BEF0B41F6}"
EndProject
Project("{8BC9CEB8-8B4A-11D0-8D11-00A0C91BC942}") = "Cake", "Cake\Cake.vcxproj", "{E6824800-C771-4771-80AB-E67079696A03}"
EndProject
Project("{8BC9CEB8-8B4A-11D0-8D11-00A0C91BC942}") = "Mortgage", "Mortgage\Mortgage.vcxproj", "{B030CE29-E283-4AB3-A662-32B9A3240A20}"
EndProject
Project("{8BC9CEB8-8B4A-11D0-8D11-00A0C91BC942}") = "Menu", "Menu\Menu.vcxproj", "{85D227DE-ED41-4995-A26F-9FDBDCB9668E}"
EndProject
Global
	GlobalSection(SolutionConfigurationPlatforms) = preSolution
		Debug|x64 = Debug|x64
		Debug|x86 = Debug|x86
		Release|x64 = Release|x64
		Release|x86 = Release|x86
	EndGlobalSection
	GlobalSection(ProjectConfigurationPlatforms) = postSolution
		{B0FB08CE-546D-4C7D-BD7B-8C74B5A0A984}.Debug|x64.ActiveCfg = Debug|x64
		{B0FB08CE-546D-4C7D-BD7B-8C74B5A0A984}.Debug|x64.Build.0 = Debug|x64
		{B0FB08CE-546D-4C7D-BD7B-8C74B5A0A984}.Debug|x86.ActiveCfg = Debug|Win32
		{B0FB08CE-546D-4C7D-BD7B-8C74B5A0A984}.Debug|x86.Build.0 = Debug|Win32
		{B0FB08CE-546D-4C7D-BD7B-8C74B5A0A984}.Release|x64.ActiveCfg = Release|x64
		{B0FB08CE-546D-4C7D-BD7B-8C74B5A0A984}.Release|x64.Build.0 = Release|x64
		{B0FB08CE-546D-4C7D-BD7B-8C74B5A0A984}.Release|x86.ActiveCfg = Release|Win32
		{B0FB08CE-546D-4C7D-BD7B-8C74B5A0A984}.Release|x86.Build.0 = Release|Win32
		{EB4660AF-E12E-48F8-B50E-B0D4C8AE4FB5}.Debug|x64.ActiveCfg = Debug|x64
		{EB4660AF-E12E-48F8-B50E-B0D4C8AE4FB5}.Debug|x64.Build.0 = Debug|x64
		{EB4660AF-E12E-48F8-B50E-B0D4C8AE4FB5}.Debug|x86.ActiveCfg = Debug|Win32
		{EB4660AF-E12E-48F8-B50E-B0D4C8AE4FB5}.Debug|x86.Build.0 = Debug|Win32
		{EB4660AF-E12E-48F8-B50E-B0D4C8AE4FB5}.Release|x64.ActiveCfg = Release|x64
		{EB4660AF-E12E-48F8-B50E-B0D4C8AE4FB5}.Release|x64.Build.0 = Release|x64
		{EB4660AF-E12E-48F8-B50E-B0D4C8AE4FB5}.Release|x86.ActiveCfg = Release|Win32
		{EB4660AF-E12E-48F8-B50E-B0D4C8AE4FB5}.Release|x86.Build.0 = Release|Win32
		{EF623281-C2A0-4259-81D9-431AAF0A4355}.Debug|x64.ActiveCfg = Debug|x64
		{EF623281-C2A0-4259-81D9-431AAF0A4355}.Debug|x64.Build.0 = Debug|x64
		{EF623281-C2A0-4259-81D9-431AAF0A4355}.Debug|x86.ActiveCfg = Debug|Win32
		{EF623281-C2A0-4259-81D9-431AAF0A4355}.Debug|x86.Build.0 = Debug|Win32
		{EF623281-C2A0-4259-81D9-431AAF0A4355}.Release|x64.ActiveCfg = Release|x64
		{EF623281-C2A0-4259-81D9-431AAF0A4355}.Release|x64.Build.0 = Release|x64
		{EF623281-C2A0-4259-81D9-431AAF0A4355}.Release|x86.ActiveCfg = Release|Win32
		{EF623281-C2A0-4259-81D9-431AAF0A4355}.Release|x86.Build.0 = Release|Win32
		{B887EEED-A246-4353-92B3-4CC95CCD1661}.Debug|x64.ActiveCfg = Debug|x64
		{B887EEED-A246-4353-92B3-4CC95CCD1661}.Debug|x64.Build.0 = Debug|x64
		{B887EEED-A246-4353-92B3-4CC95CCD1661}.Debug|x86.ActiveCfg = Debug|Win32
		{B887EEED-A246-4353-92B3-4CC95CCD1661}.Debug|x86.Build.0 = Debug|Win32
		{B887EEED-A246-4353-92B3-4CC95CCD1661}.Release|x64.ActiveCfg = Release|x64
		{B887EEED-A246-4353-92B3-4CC95CCD1661}.Release|x64.Build.0 = Release|x64
		{B887EEED-A246-4353-92B3-4CC95CCD1661}.Release|x86.ActiveCfg = Release|Win32
		{B887EEED-A246-4353-92B3-4CC95CCD1661}.Release|x86.Build.0 = Release|Win32
		{55ADF671-D5A4-4303-A501-D6562E5331BB}.Debug|x64.ActiveCfg = Debug|x64
		{55ADF671-D5A4-4303-A501-D6562E5331BB}.Debug|x64.Build.0 = Debug|x64
		{55ADF671-D5A4-4303-A501-D6562E5331BB}.Debug|x86.ActiveCfg = Debug|Win32
		{55ADF671-D5A4-4303-A501-D6562E5331BB}.Debug|x86.Build.0 = Debug|Win32
		{55ADF671-D5A4-4303-A501-D6562E5331BB}.Release|x64.ActiveCfg = Release|x64
		{55ADF671-D5A4-4303-A501-D6562E5331BB}.Release|x64.Build.0 = Release|x64
		{55ADF671-D5A4-4303-A501-D6562E5331BB}.Release|x86.ActiveCfg = Release|Win32
		{55ADF671-D5A4-4303-A501-D6562E5331BB}.Release|x86.Build.0 = Release|Win32
		{D30B0900-5C9A-440F-BA46-279BEF0B41F6}.Debug|x64.ActiveCfg = Debug|x64
		{D30B0900-5C9A-440F-BA46-279BEF0B41F6}.Debug|x64.Build.0 = Debug|x64
		{D30B0900-5C9A-440F-BA46-279BEF0B41F6}.Debug|x86.ActiveCfg = Debug|Win32
		{D30B0900-5C9A-440F-BA46-279BEF0B41F6}.Debug|x86.Build.0 = Debug|Win32
		{D30B0900-5C9A-440F-BA46-279BEF0B41F6}.Release|x64.ActiveCfg = Release|x64
		{D30B0900-5C9A-440F-BA46-279BEF0B41F6}.Release|x64.Build.0 = Release|x64
		{D30B0900-5C9A-440F-BA46-279BEF0B41F6}.Release|x86.ActiveCfg = Release|Win32
		{D30B0900-5C9A-440F-BA46-279BEF0B41F6}.Release|x86.Build.0 = Release|Win32
		{E6824800-C771-4771-80AB-E67079696A03}.Debug|x64.ActiveCfg = Debug|x64
		{E6824800-C771-4771-80AB-E67079696A03}.Debug|x64.Build.0 = Debug|x64
		{E6824800-C771-4771-80AB-E67079696A03}.Debug|x86.ActiveCfg = Debug|Win32
		{E6824800-C771-4771-80AB-E67079696A03}.Debug|x86.Build.0 = Debug|Win32
		{E6824800-C771-4771-80AB-E67079696A03}.Release|x64.ActiveCfg = Release|x64
		{E6824800-C771-4771-80AB-E67079696A03}.Release|x64.Build.0 = Release|x64
		{E6824800-C771-4771-80AB-E67079696A03}.Release|x86.ActiveCfg = Release|Win32
		{E6824800-C771-4771-80AB-E67079696A03}.Release|x86.Build.0 = Release|Win32
		{B030CE29-E283-4AB3-A662-32B9A3240A20}.Debug|x64.ActiveCfg = Debug|x64
		{B030CE29-E283-4AB3-A662-32B9A3240A20}.Debug|x64.Build.0 = Debug|x64
		{B030CE29-E283-4AB3-A662-32B9A3240A20}.Debug|x86.ActiveCfg = Debug|Win32
		{B030CE29-E283-4AB3-A662-32B9A3240A20}.Debug|x86.Build.0 = Debug|Win32
		{B030CE29-E283-4AB3-A662-32B9A3240A20}.Release|x64.ActiveCfg = Release|x64
		{B030CE29-E283-4AB3-A662-32B9A3240A20}.Release|x64.Build.0 = Release|x64
		{B030CE29-E283-4AB3-A662-32B9A3240A20}.Release|x86.ActiveCfg = Release|Win32
		{B030CE29-E283-4AB3-A662-32B9A3240A20}.Release|x86.Build.0 = Release|Win32
		{85D227DE-ED41-4995-A26F-9FDBDCB9668E}.Debug|x64.ActiveCfg = Debug|x64
		{85D227DE-ED41-4995-A26F-9FDBDCB9668E}.Debug|x64.Build.0 = Debug|x64
		{85D227DE-ED41-4995-A26F-9FDBDCB9668E}.Debug|x86.ActiveCfg = Debug|Win32
		{85D227DE-ED41-4995-A26F-9FDBDCB9668E}.Debug|x86.Build.0 = Debug|Win32
		{85D227DE-ED41-4995-A26F-9FDBDCB9668E}.Release|x64.ActiveCfg = Release|x64
		{85D227DE-ED41-4995-A26F-9FDBDCB9668E}.Release|x64.Build.0 = Release|x64
		{85D227DE-ED41-4995-A26F-9FDBDCB9668E}.Release|x86.ActiveCfg = Release|Win32
		{85D227DE-ED41-4995-A26F-9FDBDCB9668E}.Release|x86.Build.0 = Release|Win32
	EndGlobalSection
	GlobalSection(SolutionProperties) = preSolution
		HideSolutionNode = FALSE
	EndGlobalSection
	GlobalSection(NestedProjects) = preSolution
		{B0FB08CE-546D-4C7D-BD7B-8C74B5A0A984} = {EB71D4B9-A7D7-4A52-89D9-45A9880EB56E}
		{EB4660AF-E12E-48F8-B50E-B0D4C8AE4FB5} = {EB71D4B9-A7D7-4A52-89D9-45A9880EB56E}
		{B887EEED-A246-4353-92B3-4CC95CCD1661} = {EB71D4B9-A7D7-4A52-89D9-45A9880EB56E}
		{55ADF671-D5A4-4303-A501-D6562E5331BB} = {EB71D4B9-A7D7-4A52-89D9-45A9880EB56E}
		{D30B0900-5C9A-440F-BA46-279BEF0B41F6} = {EB71D4B9-A7D7-4A52-89D9-45A9880EB56E}
		{E6824800-C771-4771-80AB-E67079696A03} = {EB71D4B9-A7D7-4A52-89D9-45A9880EB56E}
		{B030CE29-E283-4AB3-A662-32B9A3240A20} = {EB71D4B9-A7D7-4A52-89D9-45A9880EB56E}
		{85D227DE-ED41-4995-A26F-9FDBDCB9668E} = {EB71D4B9-A7D7-4A52-89D9-45A9880EB56E}
	EndGlobalSection
	GlobalSection(ExtensibilityGlobals) = postSolution
		SolutionGuid = {C95AF0B5-A42C-45B0-9D3D-1DAC1C171295}
	EndGlobalSection
EndGlobal
