
Microsoft Visual Studio Solution File, Format Version 12.00
# Visual Studio 15
VisualStudioVersion = 15.0.28010.2026
MinimumVisualStudioVersion = 10.0.40219.1
Project("{8BC9CEB8-8B4A-11D0-8D11-00A0C91BC942}") = "UtilsLib", "UtilsLib\UtilsLib.vcxproj", "{EF623281-C2A0-4259-81D9-431AAF0A4355}"
EndProject
Project("{8BC9CEB8-8B4A-11D0-8D11-00A0C91BC942}") = "Lab1Lib", "Lab1Lib\Lab1Lib.vcxproj", "{EA34D8E1-D9E4-4E36-AFA2-658F04976FE3}"
EndProject
Project("{8BC9CEB8-8B4A-11D0-8D11-00A0C91BC942}") = "Lab1", "Lab1\Lab1.vcxproj", "{B07E8C45-26D0-4558-BD87-FC47D9A178D5}"
EndProject
Project("{2150E333-8FDC-42A3-9474-1A3956D46DE8}") = "_Lab1", "_Lab1", "{9055F421-9412-42A4-B4F3-1B7D7D9E6DB4}"
EndProject
Project("{8BC9CEB8-8B4A-11D0-8D11-00A0C91BC942}") = "SwapNumbers", "SwapNumbers\SwapNumbers.vcxproj", "{6B04EBC7-79F1-4253-949B-98947A370506}"
EndProject
Project("{8BC9CEB8-8B4A-11D0-8D11-00A0C91BC942}") = "Dictionary", "Dictionary\Dictionary.vcxproj", "{F82E99FA-2251-4DE6-959B-0440EF467DE9}"
EndProject
Project("{8BC9CEB8-8B4A-11D0-8D11-00A0C91BC942}") = "Phonebook", "Phonebook\Phonebook.vcxproj", "{56841C07-6836-4BAE-9AEA-F97F44230954}"
EndProject
Global
	GlobalSection(SolutionConfigurationPlatforms) = preSolution
		Debug|x64 = Debug|x64
		Debug|x86 = Debug|x86
		Release|x64 = Release|x64
		Release|x86 = Release|x86
	EndGlobalSection
	GlobalSection(ProjectConfigurationPlatforms) = postSolution
		{EF623281-C2A0-4259-81D9-431AAF0A4355}.Debug|x64.ActiveCfg = Debug|x64
		{EF623281-C2A0-4259-81D9-431AAF0A4355}.Debug|x64.Build.0 = Debug|x64
		{EF623281-C2A0-4259-81D9-431AAF0A4355}.Debug|x86.ActiveCfg = Debug|Win32
		{EF623281-C2A0-4259-81D9-431AAF0A4355}.Debug|x86.Build.0 = Debug|Win32
		{EF623281-C2A0-4259-81D9-431AAF0A4355}.Release|x64.ActiveCfg = Release|x64
		{EF623281-C2A0-4259-81D9-431AAF0A4355}.Release|x64.Build.0 = Release|x64
		{EF623281-C2A0-4259-81D9-431AAF0A4355}.Release|x86.ActiveCfg = Release|Win32
		{EF623281-C2A0-4259-81D9-431AAF0A4355}.Release|x86.Build.0 = Release|Win32
		{EA34D8E1-D9E4-4E36-AFA2-658F04976FE3}.Debug|x64.ActiveCfg = Debug|x64
		{EA34D8E1-D9E4-4E36-AFA2-658F04976FE3}.Debug|x64.Build.0 = Debug|x64
		{EA34D8E1-D9E4-4E36-AFA2-658F04976FE3}.Debug|x86.ActiveCfg = Debug|Win32
		{EA34D8E1-D9E4-4E36-AFA2-658F04976FE3}.Debug|x86.Build.0 = Debug|Win32
		{EA34D8E1-D9E4-4E36-AFA2-658F04976FE3}.Release|x64.ActiveCfg = Release|x64
		{EA34D8E1-D9E4-4E36-AFA2-658F04976FE3}.Release|x64.Build.0 = Release|x64
		{EA34D8E1-D9E4-4E36-AFA2-658F04976FE3}.Release|x86.ActiveCfg = Release|Win32
		{EA34D8E1-D9E4-4E36-AFA2-658F04976FE3}.Release|x86.Build.0 = Release|Win32
		{B07E8C45-26D0-4558-BD87-FC47D9A178D5}.Debug|x64.ActiveCfg = Debug|x64
		{B07E8C45-26D0-4558-BD87-FC47D9A178D5}.Debug|x64.Build.0 = Debug|x64
		{B07E8C45-26D0-4558-BD87-FC47D9A178D5}.Debug|x86.ActiveCfg = Debug|Win32
		{B07E8C45-26D0-4558-BD87-FC47D9A178D5}.Debug|x86.Build.0 = Debug|Win32
		{B07E8C45-26D0-4558-BD87-FC47D9A178D5}.Release|x64.ActiveCfg = Release|x64
		{B07E8C45-26D0-4558-BD87-FC47D9A178D5}.Release|x64.Build.0 = Release|x64
		{B07E8C45-26D0-4558-BD87-FC47D9A178D5}.Release|x86.ActiveCfg = Release|Win32
		{B07E8C45-26D0-4558-BD87-FC47D9A178D5}.Release|x86.Build.0 = Release|Win32
		{6B04EBC7-79F1-4253-949B-98947A370506}.Debug|x64.ActiveCfg = Debug|x64
		{6B04EBC7-79F1-4253-949B-98947A370506}.Debug|x64.Build.0 = Debug|x64
		{6B04EBC7-79F1-4253-949B-98947A370506}.Debug|x86.ActiveCfg = Debug|Win32
		{6B04EBC7-79F1-4253-949B-98947A370506}.Debug|x86.Build.0 = Debug|Win32
		{6B04EBC7-79F1-4253-949B-98947A370506}.Release|x64.ActiveCfg = Release|x64
		{6B04EBC7-79F1-4253-949B-98947A370506}.Release|x64.Build.0 = Release|x64
		{6B04EBC7-79F1-4253-949B-98947A370506}.Release|x86.ActiveCfg = Release|Win32
		{6B04EBC7-79F1-4253-949B-98947A370506}.Release|x86.Build.0 = Release|Win32
		{F82E99FA-2251-4DE6-959B-0440EF467DE9}.Debug|x64.ActiveCfg = Debug|x64
		{F82E99FA-2251-4DE6-959B-0440EF467DE9}.Debug|x64.Build.0 = Debug|x64
		{F82E99FA-2251-4DE6-959B-0440EF467DE9}.Debug|x86.ActiveCfg = Debug|Win32
		{F82E99FA-2251-4DE6-959B-0440EF467DE9}.Debug|x86.Build.0 = Debug|Win32
		{F82E99FA-2251-4DE6-959B-0440EF467DE9}.Release|x64.ActiveCfg = Release|x64
		{F82E99FA-2251-4DE6-959B-0440EF467DE9}.Release|x64.Build.0 = Release|x64
		{F82E99FA-2251-4DE6-959B-0440EF467DE9}.Release|x86.ActiveCfg = Release|Win32
		{F82E99FA-2251-4DE6-959B-0440EF467DE9}.Release|x86.Build.0 = Release|Win32
		{56841C07-6836-4BAE-9AEA-F97F44230954}.Debug|x64.ActiveCfg = Debug|x64
		{56841C07-6836-4BAE-9AEA-F97F44230954}.Debug|x64.Build.0 = Debug|x64
		{56841C07-6836-4BAE-9AEA-F97F44230954}.Debug|x86.ActiveCfg = Debug|Win32
		{56841C07-6836-4BAE-9AEA-F97F44230954}.Debug|x86.Build.0 = Debug|Win32
		{56841C07-6836-4BAE-9AEA-F97F44230954}.Release|x64.ActiveCfg = Release|x64
		{56841C07-6836-4BAE-9AEA-F97F44230954}.Release|x64.Build.0 = Release|x64
		{56841C07-6836-4BAE-9AEA-F97F44230954}.Release|x86.ActiveCfg = Release|Win32
		{56841C07-6836-4BAE-9AEA-F97F44230954}.Release|x86.Build.0 = Release|Win32
	EndGlobalSection
	GlobalSection(SolutionProperties) = preSolution
		HideSolutionNode = FALSE
	EndGlobalSection
	GlobalSection(NestedProjects) = preSolution
		{EA34D8E1-D9E4-4E36-AFA2-658F04976FE3} = {9055F421-9412-42A4-B4F3-1B7D7D9E6DB4}
		{B07E8C45-26D0-4558-BD87-FC47D9A178D5} = {9055F421-9412-42A4-B4F3-1B7D7D9E6DB4}
		{6B04EBC7-79F1-4253-949B-98947A370506} = {9055F421-9412-42A4-B4F3-1B7D7D9E6DB4}
		{F82E99FA-2251-4DE6-959B-0440EF467DE9} = {9055F421-9412-42A4-B4F3-1B7D7D9E6DB4}
		{56841C07-6836-4BAE-9AEA-F97F44230954} = {9055F421-9412-42A4-B4F3-1B7D7D9E6DB4}
	EndGlobalSection
	GlobalSection(ExtensibilityGlobals) = postSolution
		SolutionGuid = {C95AF0B5-A42C-45B0-9D3D-1DAC1C171295}
	EndGlobalSection
EndGlobal
