
Microsoft Visual Studio Solution File, Format Version 12.00
# Visual Studio 15
VisualStudioVersion = 15.0.28010.2026
MinimumVisualStudioVersion = 10.0.40219.1
Project("{8BC9CEB8-8B4A-11D0-8D11-00A0C91BC942}") = "UtilsLib", "UtilsLib\UtilsLib.vcxproj", "{EF623281-C2A0-4259-81D9-431AAF0A4355}"
EndProject
Project("{8BC9CEB8-8B4A-11D0-8D11-00A0C91BC942}") = "Lab1", "Lab1\Lab1.vcxproj", "{B07E8C45-26D0-4558-BD87-FC47D9A178D5}"
EndProject
Project("{8BC9CEB8-8B4A-11D0-8D11-00A0C91BC942}") = "SwapNumbers", "SwapNumbers\SwapNumbers.vcxproj", "{6B04EBC7-79F1-4253-949B-98947A370506}"
EndProject
Project("{8BC9CEB8-8B4A-11D0-8D11-00A0C91BC942}") = "Dictionary", "Dictionary\Dictionary.vcxproj", "{F82E99FA-2251-4DE6-959B-0440EF467DE9}"
EndProject
Project("{8BC9CEB8-8B4A-11D0-8D11-00A0C91BC942}") = "Phonebook", "Phonebook\Phonebook.vcxproj", "{56841C07-6836-4BAE-9AEA-F97F44230954}"
EndProject
Project("{8BC9CEB8-8B4A-11D0-8D11-00A0C91BC942}") = "Lab2", "Lab2\Lab2.vcxproj", "{337A5590-87DE-4BE2-9ADE-D11DF41ABFFE}"
EndProject
Project("{8BC9CEB8-8B4A-11D0-8D11-00A0C91BC942}") = "Lab3", "Lab3\Lab3.vcxproj", "{853EE639-6CC0-4655-AA89-B7BA1F243987}"
EndProject
Project("{2150E333-8FDC-42A3-9474-1A3956D46DE8}") = "_Lab1", "_Lab1", "{A1725B6F-ADCA-4D8F-BC37-7ADB68E1C5E4}"
EndProject
Project("{2150E333-8FDC-42A3-9474-1A3956D46DE8}") = "_Lab2", "_Lab2", "{8D7F7CC0-C838-45C9-850C-E42A5EDFA1D8}"
EndProject
Project("{2150E333-8FDC-42A3-9474-1A3956D46DE8}") = "_Lab3", "_Lab3", "{7B0E102C-30CF-4B5C-8EBB-215D926CFDD1}"
EndProject
Project("{8BC9CEB8-8B4A-11D0-8D11-00A0C91BC942}") = "VehicleRental", "VehicleRental\VehicleRental.vcxproj", "{57D7367C-39F5-49BA-9366-8263E92E8BFB}"
EndProject
Global
	GlobalSection(SolutionConfigurationPlatforms) = preSolution
		Debug|x64 = Debug|x64
		Debug|x86 = Debug|x86
		Release|x64 = Release|x64
		Release|x86 = Release|x86
	EndGlobalSection
	GlobalSection(ProjectConfigurationPlatforms) = postSolution
		{EF623281-C2A0-4259-81D9-431AAF0A4355}.Debug|x64.ActiveCfg = Debug|x64
		{EF623281-C2A0-4259-81D9-431AAF0A4355}.Debug|x64.Build.0 = Debug|x64
		{EF623281-C2A0-4259-81D9-431AAF0A4355}.Debug|x86.ActiveCfg = Debug|Win32
		{EF623281-C2A0-4259-81D9-431AAF0A4355}.Debug|x86.Build.0 = Debug|Win32
		{EF623281-C2A0-4259-81D9-431AAF0A4355}.Release|x64.ActiveCfg = Release|x64
		{EF623281-C2A0-4259-81D9-431AAF0A4355}.Release|x64.Build.0 = Release|x64
		{EF623281-C2A0-4259-81D9-431AAF0A4355}.Release|x86.ActiveCfg = Release|Win32
		{EF623281-C2A0-4259-81D9-431AAF0A4355}.Release|x86.Build.0 = Release|Win32
		{B07E8C45-26D0-4558-BD87-FC47D9A178D5}.Debug|x64.ActiveCfg = Debug|x64
		{B07E8C45-26D0-4558-BD87-FC47D9A178D5}.Debug|x64.Build.0 = Debug|x64
		{B07E8C45-26D0-4558-BD87-FC47D9A178D5}.Debug|x86.ActiveCfg = Debug|Win32
		{B07E8C45-26D0-4558-BD87-FC47D9A178D5}.Debug|x86.Build.0 = Debug|Win32
		{B07E8C45-26D0-4558-BD87-FC47D9A178D5}.Release|x64.ActiveCfg = Release|x64
		{B07E8C45-26D0-4558-BD87-FC47D9A178D5}.Release|x64.Build.0 = Release|x64
		{B07E8C45-26D0-4558-BD87-FC47D9A178D5}.Release|x86.ActiveCfg = Release|Win32
		{B07E8C45-26D0-4558-BD87-FC47D9A178D5}.Release|x86.Build.0 = Release|Win32
		{6B04EBC7-79F1-4253-949B-98947A370506}.Debug|x64.ActiveCfg = Debug|x64
		{6B04EBC7-79F1-4253-949B-98947A370506}.Debug|x64.Build.0 = Debug|x64
		{6B04EBC7-79F1-4253-949B-98947A370506}.Debug|x86.ActiveCfg = Debug|Win32
		{6B04EBC7-79F1-4253-949B-98947A370506}.Debug|x86.Build.0 = Debug|Win32
		{6B04EBC7-79F1-4253-949B-98947A370506}.Release|x64.ActiveCfg = Release|x64
		{6B04EBC7-79F1-4253-949B-98947A370506}.Release|x64.Build.0 = Release|x64
		{6B04EBC7-79F1-4253-949B-98947A370506}.Release|x86.ActiveCfg = Release|Win32
		{6B04EBC7-79F1-4253-949B-98947A370506}.Release|x86.Build.0 = Release|Win32
		{F82E99FA-2251-4DE6-959B-0440EF467DE9}.Debug|x64.ActiveCfg = Debug|x64
		{F82E99FA-2251-4DE6-959B-0440EF467DE9}.Debug|x64.Build.0 = Debug|x64
		{F82E99FA-2251-4DE6-959B-0440EF467DE9}.Debug|x86.ActiveCfg = Debug|Win32
		{F82E99FA-2251-4DE6-959B-0440EF467DE9}.Debug|x86.Build.0 = Debug|Win32
		{F82E99FA-2251-4DE6-959B-0440EF467DE9}.Release|x64.ActiveCfg = Release|x64
		{F82E99FA-2251-4DE6-959B-0440EF467DE9}.Release|x64.Build.0 = Release|x64
		{F82E99FA-2251-4DE6-959B-0440EF467DE9}.Release|x86.ActiveCfg = Release|Win32
		{F82E99FA-2251-4DE6-959B-0440EF467DE9}.Release|x86.Build.0 = Release|Win32
		{56841C07-6836-4BAE-9AEA-F97F44230954}.Debug|x64.ActiveCfg = Debug|x64
		{56841C07-6836-4BAE-9AEA-F97F44230954}.Debug|x64.Build.0 = Debug|x64
		{56841C07-6836-4BAE-9AEA-F97F44230954}.Debug|x86.ActiveCfg = Debug|Win32
		{56841C07-6836-4BAE-9AEA-F97F44230954}.Debug|x86.Build.0 = Debug|Win32
		{56841C07-6836-4BAE-9AEA-F97F44230954}.Release|x64.ActiveCfg = Release|x64
		{56841C07-6836-4BAE-9AEA-F97F44230954}.Release|x64.Build.0 = Release|x64
		{56841C07-6836-4BAE-9AEA-F97F44230954}.Release|x86.ActiveCfg = Release|Win32
		{56841C07-6836-4BAE-9AEA-F97F44230954}.Release|x86.Build.0 = Release|Win32
		{337A5590-87DE-4BE2-9ADE-D11DF41ABFFE}.Debug|x64.ActiveCfg = Debug|x64
		{337A5590-87DE-4BE2-9ADE-D11DF41ABFFE}.Debug|x64.Build.0 = Debug|x64
		{337A5590-87DE-4BE2-9ADE-D11DF41ABFFE}.Debug|x86.ActiveCfg = Debug|Win32
		{337A5590-87DE-4BE2-9ADE-D11DF41ABFFE}.Debug|x86.Build.0 = Debug|Win32
		{337A5590-87DE-4BE2-9ADE-D11DF41ABFFE}.Release|x64.ActiveCfg = Release|x64
		{337A5590-87DE-4BE2-9ADE-D11DF41ABFFE}.Release|x64.Build.0 = Release|x64
		{337A5590-87DE-4BE2-9ADE-D11DF41ABFFE}.Release|x86.ActiveCfg = Release|Win32
		{337A5590-87DE-4BE2-9ADE-D11DF41ABFFE}.Release|x86.Build.0 = Release|Win32
		{853EE639-6CC0-4655-AA89-B7BA1F243987}.Debug|x64.ActiveCfg = Debug|x64
		{853EE639-6CC0-4655-AA89-B7BA1F243987}.Debug|x64.Build.0 = Debug|x64
		{853EE639-6CC0-4655-AA89-B7BA1F243987}.Debug|x86.ActiveCfg = Debug|Win32
		{853EE639-6CC0-4655-AA89-B7BA1F243987}.Debug|x86.Build.0 = Debug|Win32
		{853EE639-6CC0-4655-AA89-B7BA1F243987}.Release|x64.ActiveCfg = Release|x64
		{853EE639-6CC0-4655-AA89-B7BA1F243987}.Release|x64.Build.0 = Release|x64
		{853EE639-6CC0-4655-AA89-B7BA1F243987}.Release|x86.ActiveCfg = Release|Win32
		{853EE639-6CC0-4655-AA89-B7BA1F243987}.Release|x86.Build.0 = Release|Win32
		{57D7367C-39F5-49BA-9366-8263E92E8BFB}.Debug|x64.ActiveCfg = Debug|x64
		{57D7367C-39F5-49BA-9366-8263E92E8BFB}.Debug|x64.Build.0 = Debug|x64
		{57D7367C-39F5-49BA-9366-8263E92E8BFB}.Debug|x86.ActiveCfg = Debug|Win32
		{57D7367C-39F5-49BA-9366-8263E92E8BFB}.Debug|x86.Build.0 = Debug|Win32
		{57D7367C-39F5-49BA-9366-8263E92E8BFB}.Release|x64.ActiveCfg = Release|x64
		{57D7367C-39F5-49BA-9366-8263E92E8BFB}.Release|x64.Build.0 = Release|x64
		{57D7367C-39F5-49BA-9366-8263E92E8BFB}.Release|x86.ActiveCfg = Release|Win32
		{57D7367C-39F5-49BA-9366-8263E92E8BFB}.Release|x86.Build.0 = Release|Win32
	EndGlobalSection
	GlobalSection(SolutionProperties) = preSolution
		HideSolutionNode = FALSE
	EndGlobalSection
	GlobalSection(NestedProjects) = preSolution
		{B07E8C45-26D0-4558-BD87-FC47D9A178D5} = {A1725B6F-ADCA-4D8F-BC37-7ADB68E1C5E4}
		{6B04EBC7-79F1-4253-949B-98947A370506} = {A1725B6F-ADCA-4D8F-BC37-7ADB68E1C5E4}
		{F82E99FA-2251-4DE6-959B-0440EF467DE9} = {A1725B6F-ADCA-4D8F-BC37-7ADB68E1C5E4}
		{56841C07-6836-4BAE-9AEA-F97F44230954} = {A1725B6F-ADCA-4D8F-BC37-7ADB68E1C5E4}
		{337A5590-87DE-4BE2-9ADE-D11DF41ABFFE} = {8D7F7CC0-C838-45C9-850C-E42A5EDFA1D8}
		{853EE639-6CC0-4655-AA89-B7BA1F243987} = {7B0E102C-30CF-4B5C-8EBB-215D926CFDD1}
		{57D7367C-39F5-49BA-9366-8263E92E8BFB} = {7B0E102C-30CF-4B5C-8EBB-215D926CFDD1}
	EndGlobalSection
	GlobalSection(ExtensibilityGlobals) = postSolution
		SolutionGuid = {C95AF0B5-A42C-45B0-9D3D-1DAC1C171295}
	EndGlobalSection
EndGlobal
