<?xml version="1.0" encoding="utf-8"?>
<Project ToolsVersion="4.0" xmlns="http://schemas.microsoft.com/developer/msbuild/2003">
  <ItemGroup>
    <Filter Include="Source Files">
      <UniqueIdentifier>{4FC737F1-C7A5-4376-A066-2A32D752A2FF}</UniqueIdentifier>
      <Extensions>cpp;c;cc;cxx;def;odl;idl;hpj;bat;asm;asmx</Extensions>
    </Filter>
    <Filter Include="Header Files">
      <UniqueIdentifier>{93995380-89BD-4b04-88EB-625FBE52EBFB}</UniqueIdentifier>
      <Extensions>h;hh;hpp;hxx;hm;inl;inc;ipp;xsd</Extensions>
    </Filter>
    <Filter Include="Resource Files">
      <UniqueIdentifier>{67DA6AB6-F800-4c08-8B7A-83BB121AAD01}</UniqueIdentifier>
      <Extensions>rc;ico;cur;bmp;dlg;rc2;rct;bin;rgs;gif;jpg;jpeg;jpe;resx;tiff;tif;png;wav;mfcribbon-ms</Extensions>
    </Filter>
    <Filter Include="Source Files\_Lab1">
      <UniqueIdentifier>{6fa519e8-fbfa-4559-8177-84c34b0b5fe8}</UniqueIdentifier>
    </Filter>
    <Filter Include="Source Files\_Lab2">
      <UniqueIdentifier>{282ffca3-1f9e-421d-b6a8-396762a6e6ad}</UniqueIdentifier>
    </Filter>
    <Filter Include="Header Files\_Lab1">
      <UniqueIdentifier>{bd631f27-18b9-4413-b226-ffebeab19ef5}</UniqueIdentifier>
    </Filter>
    <Filter Include="Header Files\_Lab2">
      <UniqueIdentifier>{2e2a3ed0-9957-482f-8805-4a3ee0da5887}</UniqueIdentifier>
    </Filter>
    <Filter Include="Header Files\_Lab3">
      <UniqueIdentifier>{ebbcc4d6-dba0-4981-9fff-d1b7fa9d81f6}</UniqueIdentifier>
    </Filter>
    <Filter Include="Source Files\_Lab3">
      <UniqueIdentifier>{bde25a3e-605d-4e2c-8219-114f32c61943}</UniqueIdentifier>
    </Filter>
  </ItemGroup>
  <ItemGroup>
    <ClInclude Include="lablib.h">
      <Filter>Header Files</Filter>
    </ClInclude>
    <ClInclude Include="lablib_impl.h">
      <Filter>Header Files</Filter>
    </ClInclude>
    <ClInclude Include="..\Lab2\car.h">
      <Filter>Header Files\_Lab2</Filter>
    </ClInclude>
    <ClInclude Include="..\Lab2\engine.h">
      <Filter>Header Files\_Lab2</Filter>
    </ClInclude>
    <ClInclude Include="matrix.h">
      <Filter>Header Files\_Lab1</Filter>
    </ClInclude>
    <ClInclude Include="..\Lab2\person.h">
      <Filter>Header Files\_Lab2</Filter>
    </ClInclude>
    <ClInclude Include="..\Lab2\tire.h">
      <Filter>Header Files\_Lab2</Filter>
    </ClInclude>
    <ClInclude Include="vector2D.h">
      <Filter>Header Files\_Lab3</Filter>
    </ClInclude>
  </ItemGroup>
  <ItemGroup>
    <ClCompile Include="lab1.cpp">
      <Filter>Source Files\_Lab1</Filter>
    </ClCompile>
    <ClCompile Include="matrix.cpp">
      <Filter>Source Files\_Lab1</Filter>
    </ClCompile>
    <ClCompile Include="..\Lab2\tire.cpp">
      <Filter>Source Files\_Lab2</Filter>
    </ClCompile>
    <ClCompile Include="..\Lab2\car.cpp">
      <Filter>Source Files\_Lab2</Filter>
    </ClCompile>
    <ClCompile Include="..\Lab2\engine.cpp">
      <Filter>Source Files\_Lab2</Filter>
    </ClCompile>
    <ClCompile Include="lab2.cpp">
      <Filter>Source Files\_Lab2</Filter>
    </ClCompile>
    <ClCompile Include="..\Lab2\person.cpp">
      <Filter>Source Files\_Lab2</Filter>
    </ClCompile>
    <ClCompile Include="vector2D.cpp">
      <Filter>Source Files\_Lab3</Filter>
    </ClCompile>
  </ItemGroup>
</Project>